
Microsoft Visual Studio Solution File, Format Version 12.00
# Visual Studio Version 17
VisualStudioVersion = 17.13.35818.85 d17.13
MinimumVisualStudioVersion = 10.0.40219.1
Project("{FAE04EC0-301F-11D3-BF4B-00C04F79EFBC}") = "ST10443277_PROG6221_FINAL_POE", "ST10443277_PROG6221_FINAL_POE\ST10443277_PROG6221_FINAL_POE.csproj", "{749136D4-7FA9-42AD-8412-F455F2594CF7}"
EndProject
Global
	GlobalSection(SolutionConfigurationPlatforms) = preSolution
		Debug|Any CPU = Debug|Any CPU
		Release|Any CPU = Release|Any CPU
	EndGlobalSection
	GlobalSection(ProjectConfigurationPlatforms) = postSolution
		{749136D4-7FA9-42AD-8412-F455F2594CF7}.Debug|Any CPU.ActiveCfg = Debug|Any CPU
		{749136D4-7FA9-42AD-8412-F455F2594CF7}.Debug|Any CPU.Build.0 = Debug|Any CPU
		{749136D4-7FA9-42AD-8412-F455F2594CF7}.Release|Any CPU.ActiveCfg = Release|Any CPU
		{749136D4-7FA9-42AD-8412-F455F2594CF7}.Release|Any CPU.Build.0 = Release|Any CPU
	EndGlobalSection
	GlobalSection(SolutionProperties) = preSolution
		HideSolutionNode = FALSE
	EndGlobalSection
	GlobalSection(ExtensibilityGlobals) = postSolution
		SolutionGuid = {57D68E21-C586-4881-B627-1E38539A8FD1}
	EndGlobalSection
EndGlobal
